# This file is automatically @generated by Cargo.
# It is not intended for manual editing.
version = 3

[[package]]
name = "cortex-m-rt"
version = "0.7.2"
source = "registry+https://github.com/rust-lang/crates.io-index"
checksum = "d6d3328b8b5534f0c90acd66b68950f2763b37e0173cac4d8b4937c4a80761f9"
dependencies = [
 "cortex-m-rt-macros",
]

[[package]]
name = "cortex-m-rt-macros"
version = "0.7.0"
source = "registry+https://github.com/rust-lang/crates.io-index"
checksum = "f0f6f3e36f203cfedbc78b357fb28730aa2c6dc1ab060ee5c2405e843988d3c7"
dependencies = [
 "proc-macro2",
 "quote",
 "syn",
]

[[package]]
name = "example"
version = "0.1.0"
dependencies = [
 "cortex-m-rt",
 "panic-halt",
]

[[package]]
name = "panic-halt"
version = "0.2.0"
source = "registry+https://github.com/rust-lang/crates.io-index"
checksum = "de96540e0ebde571dc55c73d60ef407c653844e6f9a1e2fdbd40c07b9252d812"

[[package]]
name = "proc-macro2"
version = "1.0.47"
source = "registry+https://github.com/rust-lang/crates.io-index"
checksum = "5ea3d908b0e36316caf9e9e2c4625cdde190a7e6f440d794667ed17a1855e725"
dependencies = [
 "unicode-ident",
]

[[package]]
name = "quote"
version = "1.0.21"
source = "registry+https://github.com/rust-lang/crates.io-index"
checksum = "bbe448f377a7d6961e30f5955f9b8d106c3f5e449d493ee1b125c1d43c2b5179"
dependencies = [
 "proc-macro2",
]

[[package]]
name = "syn"
version = "1.0.103"
source = "registry+https://github.com/rust-lang/crates.io-index"
checksum = "a864042229133ada95abf3b54fdc62ef5ccabe9515b64717bcb9a1919e59445d"
dependencies = [
 "proc-macro2",
 "quote",
 "unicode-ident",
]

[[package]]
name = "unicode-ident"
version = "1.0.5"
source = "registry+https://github.com/rust-lang/crates.io-index"
checksum = "6ceab39d59e4c9499d4e5a8ee0e2735b891bb7308ac83dfb4e80cad195c9f6f3"
